
Microsoft Visual Studio Solution File, Format Version 12.00
# Visual Studio Version 17
VisualStudioVersion = 17.11.35312.102
MinimumVisualStudioVersion = 10.0.40219.1
Project("{FAE04EC0-301F-11D3-BF4B-00C04F79EFBC}") = "KeycloakTesting", "KeycloakTesting\KeycloakTesting.csproj", "{96AA0B94-707D-4791-8961-9C488E6BEAA0}"
EndProject
Global
	GlobalSection(SolutionConfigurationPlatforms) = preSolution
		Debug|Any CPU = Debug|Any CPU
		Release|Any CPU = Release|Any CPU
	EndGlobalSection
	GlobalSection(ProjectConfigurationPlatforms) = postSolution
		{96AA0B94-707D-4791-8961-9C488E6BEAA0}.Debug|Any CPU.ActiveCfg = Debug|Any CPU
		{96AA0B94-707D-4791-8961-9C488E6BEAA0}.Debug|Any CPU.Build.0 = Debug|Any CPU
		{96AA0B94-707D-4791-8961-9C488E6BEAA0}.Release|Any CPU.ActiveCfg = Release|Any CPU
		{96AA0B94-707D-4791-8961-9C488E6BEAA0}.Release|Any CPU.Build.0 = Release|Any CPU
	EndGlobalSection
	GlobalSection(SolutionProperties) = preSolution
		HideSolutionNode = FALSE
	EndGlobalSection
	GlobalSection(ExtensibilityGlobals) = postSolution
		SolutionGuid = {67639BCB-58A2-4616-B51D-579B1D887344}
	EndGlobalSection
EndGlobal
